{
    "version": 3,
    "terraform_version": "0.9.5",
    "serial": 26,
    "lineage": "4b58652e-e70e-449d-9cbf-188cee3ae242",
    "modules": [
        {
            "path": [
                "root"
            ],
            "outputs": {
                "environment": {
                    "sensitive": false,
                    "type": "string",
                    "value": "development"
                },
                "name": {
                    "sensitive": false,
                    "type": "string",
                    "value": "playground"
                },
                "vpc_security_group": {
                    "sensitive": false,
                    "type": "string",
                    "value": "sg-3e743e45"
                }
            },
            "resources": {},
            "depends_on": []
        },
        {
            "path": [
                "root",
                "dhcp"
            ],
            "outputs": {},
            "resources": {
                "aws_vpc_dhcp_options.dns_resolver": {
                    "type": "aws_vpc_dhcp_options",
                    "depends_on": [],
                    "primary": {
                        "id": "dopt-fc16699b",
                        "attributes": {
                            "domain_name": "playground.local",
                            "domain_name_servers.#": "1",
                            "domain_name_servers.0": "10.0.0.2",
                            "id": "dopt-fc16699b",
                            "tags.%": "2",
                            "tags.Group": "dhcp",
                            "tags.Name": "playground.local-dhcp"
                        },
                        "meta": {},
                        "tainted": false
                    },
                    "deposed": [],
                    "provider": ""
                },
                "aws_vpc_dhcp_options_association.dns_resolver": {
                    "type": "aws_vpc_dhcp_options_association",
                    "depends_on": [
                        "aws_vpc_dhcp_options.dns_resolver"
                    ],
                    "primary": {
                        "id": "dopt-fc16699b-vpc-dfa6b2b8",
                        "attributes": {
                            "dhcp_options_id": "dopt-fc16699b",
                            "id": "dopt-fc16699b-vpc-dfa6b2b8",
                            "vpc_id": "vpc-dfa6b2b8"
                        },
                        "meta": {},
                        "tainted": false
                    },
                    "deposed": [],
                    "provider": ""
                }
            },
            "depends_on": []
        },
        {
            "path": [
                "root",
                "ec2"
            ],
            "outputs": {},
            "resources": {
                "aws_autoscaling_group.worker": {
                    "type": "aws_autoscaling_group",
                    "depends_on": [
                        "aws_launch_configuration.worker"
                    ],
                    "primary": {
                        "id": "workers",
                        "attributes": {
                            "arn": "arn:aws:autoscaling:us-west-2:898725110569:autoScalingGroup:4a673771-aed7-4893-900c-8f235ba31ad9:autoScalingGroupName/workers",
                            "availability_zones.#": "3",
                            "availability_zones.2050015877": "us-west-2c",
                            "availability_zones.221770259": "us-west-2b",
                            "availability_zones.2487133097": "us-west-2a",
                            "default_cooldown": "300",
                            "desired_capacity": "1",
                            "force_delete": "true",
                            "health_check_grace_period": "300",
                            "health_check_type": "EC2",
                            "id": "workers",
                            "launch_configuration": "worker",
                            "load_balancers.#": "1",
                            "load_balancers.2050062943": "heavy",
                            "max_size": "1",
                            "metrics_granularity": "1Minute",
                            "min_elb_capacity": "0",
                            "min_size": "1",
                            "name": "workers",
                            "placement_group": "",
                            "protect_from_scale_in": "false",
                            "suspended_processes.#": "0",
                            "tag.#": "1",
                            "tag.3911038485.key": "Name",
                            "tag.3911038485.propagate_at_launch": "true",
                            "tag.3911038485.value": "worker-001",
                            "target_group_arns.#": "0",
                            "termination_policies.#": "0",
                            "vpc_zone_identifier.#": "3",
                            "vpc_zone_identifier.149348927": "subnet-418b441a",
                            "vpc_zone_identifier.311774562": "subnet-7ed2f219",
                            "vpc_zone_identifier.623342351": "subnet-e7156eae",
                            "wait_for_capacity_timeout": "0m"
                        },
                        "meta": {},
                        "tainted": false
                    },
                    "deposed": [],
                    "provider": ""
                },
                "aws_launch_configuration.worker": {
                    "type": "aws_launch_configuration",
                    "depends_on": [],
                    "primary": {
                        "id": "worker",
                        "attributes": {
                            "associate_public_ip_address": "false",
                            "ebs_block_device.#": "1",
                            "ebs_block_device.4023988449.delete_on_termination": "false",
                            "ebs_block_device.4023988449.device_name": "/dev/xvdf",
                            "ebs_block_device.4023988449.encrypted": "false",
                            "ebs_block_device.4023988449.iops": "0",
                            "ebs_block_device.4023988449.snapshot_id": "",
                            "ebs_block_device.4023988449.volume_size": "12",
                            "ebs_block_device.4023988449.volume_type": "gp2",
                            "ebs_optimized": "false",
                            "enable_monitoring": "true",
                            "ephemeral_block_device.#": "0",
                            "iam_instance_profile": "",
                            "id": "worker",
                            "image_id": "ami-efd0428f",
                            "instance_type": "t2.micro",
                            "key_name": "terraform",
                            "name": "worker",
                            "root_block_device.#": "0",
                            "security_groups.#": "2",
                            "security_groups.1017567149": "sg-d7743eac",
                            "security_groups.3724442154": "sg-1e753f65",
                            "spot_price": "",
                            "vpc_classic_link_id": "",
                            "vpc_classic_link_security_groups.#": "0"
                        },
                        "meta": {},
                        "tainted": false
                    },
                    "deposed": [],
                    "provider": ""
                },
                "aws_placement_group.worker": {
                    "type": "aws_placement_group",
                    "depends_on": [],
                    "primary": {
                        "id": "workers",
                        "attributes": {
                            "id": "workers",
                            "name": "workers",
                            "strategy": "cluster"
                        },
                        "meta": {},
                        "tainted": false
                    },
                    "deposed": [],
                    "provider": ""
                },
                "null_resource.dummy_dependency": {
                    "type": "null_resource",
                    "depends_on": [
                        "aws_autoscaling_group.worker",
                        "aws_launch_configuration.worker"
                    ],
                    "primary": {
                        "id": "4032818155545299481",
                        "attributes": {
                            "id": "4032818155545299481"
                        },
                        "meta": {},
                        "tainted": false
                    },
                    "deposed": [],
                    "provider": ""
                }
            },
            "depends_on": []
        },
        {
            "path": [
                "root",
                "elb"
            ],
            "outputs": {
                "external_elb": {
                    "sensitive": false,
                    "type": "string",
                    "value": "heavy"
                }
            },
            "resources": {
                "aws_elb.external": {
                    "type": "aws_elb",
                    "depends_on": [],
                    "primary": {
                        "id": "heavy",
                        "attributes": {
                            "access_logs.#": "0",
                            "availability_zones.#": "3",
                            "availability_zones.2050015877": "us-west-2c",
                            "availability_zones.221770259": "us-west-2b",
                            "availability_zones.2487133097": "us-west-2a",
                            "connection_draining": "true",
                            "connection_draining_timeout": "400",
                            "cross_zone_load_balancing": "true",
                            "dns_name": "heavy-581710464.us-west-2.elb.amazonaws.com",
                            "health_check.#": "1",
                            "health_check.0.healthy_threshold": "2",
                            "health_check.0.interval": "7",
                            "health_check.0.target": "HTTP:80/",
                            "health_check.0.timeout": "5",
                            "health_check.0.unhealthy_threshold": "2",
                            "id": "heavy",
                            "idle_timeout": "60",
                            "instances.#": "0",
                            "internal": "false",
                            "listener.#": "2",
                            "listener.3057123346.instance_port": "80",
                            "listener.3057123346.instance_protocol": "http",
                            "listener.3057123346.lb_port": "80",
                            "listener.3057123346.lb_protocol": "http",
                            "listener.3057123346.ssl_certificate_id": "",
                            "listener.3685249951.instance_port": "80",
                            "listener.3685249951.instance_protocol": "http",
                            "listener.3685249951.lb_port": "443",
                            "listener.3685249951.lb_protocol": "https",
                            "listener.3685249951.ssl_certificate_id": "arn:aws:iam::898725110569:server-certificate/www",
                            "name": "heavy",
                            "security_groups.#": "1",
                            "security_groups.3724442154": "sg-1e753f65",
                            "source_security_group": "898725110569/playground-development-external-elb",
                            "source_security_group_id": "sg-1e753f65",
                            "subnets.#": "3",
                            "subnets.149348927": "subnet-418b441a",
                            "subnets.311774562": "subnet-7ed2f219",
                            "subnets.623342351": "subnet-e7156eae",
                            "tags.%": "0",
                            "zone_id": "Z1H1FL5HABSF5"
                        },
                        "meta": {},
                        "tainted": false
                    },
                    "deposed": [],
                    "provider": ""
                }
            },
            "depends_on": []
        },
        {
            "path": [
                "root",
                "iam"
            ],
            "outputs": {
                "server_certificate": {
                    "sensitive": false,
                    "type": "string",
                    "value": "arn:aws:iam::898725110569:server-certificate/www"
                }
            },
            "resources": {
                "aws_iam_instance_profile.default": {
                    "type": "aws_iam_instance_profile",
                    "depends_on": [
                        "aws_iam_role.default"
                    ],
                    "primary": {
                        "id": "default-development",
                        "attributes": {
                            "arn": "arn:aws:iam::898725110569:instance-profile/default-development",
                            "id": "default-development",
                            "name": "default-development",
                            "path": "/",
                            "role": "default-role-development",
                            "roles.#": "0",
                            "unique_id": "AIPAJVV33VNF6BKUM6OKQ"
                        },
                        "meta": {},
                        "tainted": false
                    },
                    "deposed": [],
                    "provider": ""
                },
                "aws_iam_role.default": {
                    "type": "aws_iam_role",
                    "depends_on": [],
                    "primary": {
                        "id": "default-role-development",
                        "attributes": {
                            "arn": "arn:aws:iam::898725110569:role/default-role-development",
                            "assume_role_policy": "{\"Version\":\"2012-10-17\",\"Statement\":[{\"Sid\":\"\",\"Effect\":\"Allow\",\"Principal\":{\"Service\":\"ec2.amazonaws.com\"},\"Action\":\"sts:AssumeRole\"}]}",
                            "create_date": "2017-05-24T02:13:46Z",
                            "id": "default-role-development",
                            "name": "default-role-development",
                            "path": "/",
                            "unique_id": "AROAJ2UON4QEAAR2P25CA"
                        },
                        "meta": {},
                        "tainted": false
                    },
                    "deposed": [],
                    "provider": ""
                },
                "aws_iam_role_policy.default": {
                    "type": "aws_iam_role_policy",
                    "depends_on": [
                        "aws_iam_role.default"
                    ],
                    "primary": {
                        "id": "default-role-development:default-role-policy-development",
                        "attributes": {
                            "id": "default-role-development:default-role-policy-development",
                            "name": "default-role-policy-development",
                            "policy": "{\n    \"Version\": \"2012-10-17\",\n    \"Statement\": [\n        {\n            \"Sid\": \"Stmt1425916919000\",\n            \"Effect\": \"Allow\",\n            \"Action\": [\n                \"s3:List*\",\n                \"s3:Get*\",\n                \"cloudwatch:*\"\n            ],\n            \"Resource\": \"*\"\n        }\n    ]\n}\n",
                            "role": "default-role-development"
                        },
                        "meta": {},
                        "tainted": false
                    },
                    "deposed": [],
                    "provider": ""
                },
                "aws_iam_server_certificate.www": {
                    "type": "aws_iam_server_certificate",
                    "depends_on": [],
                    "primary": {
                        "id": "ASCAJLI5HAFI5GF3EUQ4A",
                        "attributes": {
                            "arn": "arn:aws:iam::898725110569:server-certificate/www",
                            "certificate_body": "00395b423ba766406f893ba902e2c28a430ef035",
                            "id": "ASCAJLI5HAFI5GF3EUQ4A",
                            "name": "www",
                            "path": "/",
                            "private_key": "f0fca15236b53790f7f78e00b664b0416997eb8a"
                        },
                        "meta": {},
                        "tainted": false
                    },
                    "deposed": [],
                    "provider": ""
                }
            },
            "depends_on": []
        },
        {
            "path": [
                "root",
                "security_groups"
            ],
            "outputs": {
                "external_elb": {
                    "sensitive": false,
                    "type": "string",
                    "value": "sg-1e753f65"
                },
                "external_ssh": {
                    "sensitive": false,
                    "type": "string",
                    "value": "sg-d7743eac"
                },
                "internal_elb": {
                    "sensitive": false,
                    "type": "string",
                    "value": "sg-b2763cc9"
                },
                "internal_ssh": {
                    "sensitive": false,
                    "type": "string",
                    "value": "sg-9c703ae7"
                }
            },
            "resources": {
                "aws_key_pair.auth": {
                    "type": "aws_key_pair",
                    "depends_on": [],
                    "primary": {
                        "id": "terraform",
                        "attributes": {
                            "id": "terraform",
                            "key_name": "terraform",
                            "public_key": "ssh-rsa AAAAB3NzaC1yc2EAAAADAQABAAACAQDSpvzMYnKgjJLwLr6STf8EfWMducIturG1CYJKV/mkGlim3EJFd1PltS6zRgzU6fnZY3shKA/TSbdGuRDDizjhiSVyf/GFC10Mss9VFPKMzN8lep1x6+B6tkHbweTKjZMfexLrWbztwZrgwqoOA13Dw38e6XO2R8cEXTzvDuzwTarvgc8cVxE7pAo3zc9eXYFanlrnX9z+9YXwecYaLDxeGgpGGA31XlU+ycjOWyjiC6ZMGGWhaZ73cTlkqr6ftrNCIE1II+ca+bClPOLzKg4cCkAGeaxX7k+mHSyCA77Zot39qHAXSy7ttY3ltz2AyF4A/YgMSM8mME/HpBmsm43RgUsgrb0EQjdaWi0Ks2S+CzoCaSixez3z9DT59LU/ETOPhfEVnM2UnaMx0qTzL6zfowMDWkzOSsqG9NBpbEWk2NfJIycDw4/O3Coz4St7VqxqgxL7Od7CvP0B7+OMyAYaMv3TBldCzsyxjfBPLQ14IYo/g/8WsOQlKTineErw4Pw14G04dS4+C0v8o8R2KVIYE0a8cMaVWb1cwOWu04fDfGT5rPjDnbaxvXMsbiynSl9E6PRN/4sXunmSmV0YvUYVl9R6WjBrLAJED6rCdbw+JdVw8kH7AY+RAiVd6Z+/GdU0rMZPPRKqEuQOQgbVGLhy6vdLSvsTtLlVKMT3SeOREw== hlibco@gmail.com"
                        },
                        "meta": {
                            "schema_version": "1"
                        },
                        "tainted": false
                    },
                    "deposed": [],
                    "provider": ""
                },
                "aws_security_group.external_elb": {
                    "type": "aws_security_group",
                    "depends_on": [],
                    "primary": {
                        "id": "sg-1e753f65",
                        "attributes": {
                            "description": "Allows external ELB traffic",
                            "egress.#": "1",
                            "egress.482069346.cidr_blocks.#": "1",
                            "egress.482069346.cidr_blocks.0": "0.0.0.0/0",
                            "egress.482069346.from_port": "0",
                            "egress.482069346.ipv6_cidr_blocks.#": "0",
                            "egress.482069346.prefix_list_ids.#": "0",
                            "egress.482069346.protocol": "-1",
                            "egress.482069346.security_groups.#": "0",
                            "egress.482069346.self": "false",
                            "egress.482069346.to_port": "0",
                            "id": "sg-1e753f65",
                            "ingress.#": "2",
                            "ingress.2214680975.cidr_blocks.#": "1",
                            "ingress.2214680975.cidr_blocks.0": "0.0.0.0/0",
                            "ingress.2214680975.from_port": "80",
                            "ingress.2214680975.ipv6_cidr_blocks.#": "0",
                            "ingress.2214680975.protocol": "tcp",
                            "ingress.2214680975.security_groups.#": "0",
                            "ingress.2214680975.self": "false",
                            "ingress.2214680975.to_port": "80",
                            "ingress.2617001939.cidr_blocks.#": "1",
                            "ingress.2617001939.cidr_blocks.0": "0.0.0.0/0",
                            "ingress.2617001939.from_port": "443",
                            "ingress.2617001939.ipv6_cidr_blocks.#": "0",
                            "ingress.2617001939.protocol": "tcp",
                            "ingress.2617001939.security_groups.#": "0",
                            "ingress.2617001939.self": "false",
                            "ingress.2617001939.to_port": "443",
                            "name": "playground-development-external-elb",
                            "owner_id": "898725110569",
                            "tags.%": "2",
                            "tags.Environment": "development",
                            "tags.Name": "playground external elb",
                            "vpc_id": "vpc-dfa6b2b8"
                        },
                        "meta": {},
                        "tainted": false
                    },
                    "deposed": [],
                    "provider": ""
                },
                "aws_security_group.external_ssh": {
                    "type": "aws_security_group",
                    "depends_on": [],
                    "primary": {
                        "id": "sg-d7743eac",
                        "attributes": {
                            "description": "Allows ssh from the world",
                            "egress.#": "1",
                            "egress.482069346.cidr_blocks.#": "1",
                            "egress.482069346.cidr_blocks.0": "0.0.0.0/0",
                            "egress.482069346.from_port": "0",
                            "egress.482069346.ipv6_cidr_blocks.#": "0",
                            "egress.482069346.prefix_list_ids.#": "0",
                            "egress.482069346.protocol": "-1",
                            "egress.482069346.security_groups.#": "0",
                            "egress.482069346.self": "false",
                            "egress.482069346.to_port": "0",
                            "id": "sg-d7743eac",
                            "ingress.#": "1",
                            "ingress.2541437006.cidr_blocks.#": "1",
                            "ingress.2541437006.cidr_blocks.0": "0.0.0.0/0",
                            "ingress.2541437006.from_port": "22",
                            "ingress.2541437006.ipv6_cidr_blocks.#": "0",
                            "ingress.2541437006.protocol": "tcp",
                            "ingress.2541437006.security_groups.#": "0",
                            "ingress.2541437006.self": "false",
                            "ingress.2541437006.to_port": "22",
                            "name": "playground-development-external-ssh",
                            "owner_id": "898725110569",
                            "tags.%": "2",
                            "tags.Environment": "development",
                            "tags.Name": "playground external ssh",
                            "vpc_id": "vpc-dfa6b2b8"
                        },
                        "meta": {},
                        "tainted": false
                    },
                    "deposed": [],
                    "provider": ""
                },
                "aws_security_group.internal_elb": {
                    "type": "aws_security_group",
                    "depends_on": [],
                    "primary": {
                        "id": "sg-b2763cc9",
                        "attributes": {
                            "description": "Allows internal ELB traffic",
                            "egress.#": "1",
                            "egress.482069346.cidr_blocks.#": "1",
                            "egress.482069346.cidr_blocks.0": "0.0.0.0/0",
                            "egress.482069346.from_port": "0",
                            "egress.482069346.ipv6_cidr_blocks.#": "0",
                            "egress.482069346.prefix_list_ids.#": "0",
                            "egress.482069346.protocol": "-1",
                            "egress.482069346.security_groups.#": "0",
                            "egress.482069346.self": "false",
                            "egress.482069346.to_port": "0",
                            "id": "sg-b2763cc9",
                            "ingress.#": "1",
                            "ingress.2165049311.cidr_blocks.#": "1",
                            "ingress.2165049311.cidr_blocks.0": "10.0.0.0/16",
                            "ingress.2165049311.from_port": "80",
                            "ingress.2165049311.ipv6_cidr_blocks.#": "0",
                            "ingress.2165049311.protocol": "tcp",
                            "ingress.2165049311.security_groups.#": "0",
                            "ingress.2165049311.self": "false",
                            "ingress.2165049311.to_port": "80",
                            "name": "playground-development-internal-elb",
                            "owner_id": "898725110569",
                            "tags.%": "2",
                            "tags.Environment": "development",
                            "tags.Name": "playground internal elb",
                            "vpc_id": "vpc-dfa6b2b8"
                        },
                        "meta": {},
                        "tainted": false
                    },
                    "deposed": [],
                    "provider": ""
                },
                "aws_security_group.internal_ssh": {
                    "type": "aws_security_group",
                    "depends_on": [
                        "aws_security_group.external_ssh"
                    ],
                    "primary": {
                        "id": "sg-9c703ae7",
                        "attributes": {
                            "description": "Allows ssh from bastion",
                            "egress.#": "1",
                            "egress.1485902453.cidr_blocks.#": "1",
                            "egress.1485902453.cidr_blocks.0": "10.0.0.0/16",
                            "egress.1485902453.from_port": "0",
                            "egress.1485902453.ipv6_cidr_blocks.#": "0",
                            "egress.1485902453.prefix_list_ids.#": "0",
                            "egress.1485902453.protocol": "tcp",
                            "egress.1485902453.security_groups.#": "0",
                            "egress.1485902453.self": "false",
                            "egress.1485902453.to_port": "0",
                            "id": "sg-9c703ae7",
                            "ingress.#": "1",
                            "ingress.1656053888.cidr_blocks.#": "0",
                            "ingress.1656053888.from_port": "22",
                            "ingress.1656053888.ipv6_cidr_blocks.#": "0",
                            "ingress.1656053888.protocol": "tcp",
                            "ingress.1656053888.security_groups.#": "1",
                            "ingress.1656053888.security_groups.1017567149": "sg-d7743eac",
                            "ingress.1656053888.self": "false",
                            "ingress.1656053888.to_port": "22",
                            "name": "playground-development-internal-ssh",
                            "owner_id": "898725110569",
                            "tags.%": "2",
                            "tags.Environment": "development",
                            "tags.Name": "playground internal ssh",
                            "vpc_id": "vpc-dfa6b2b8"
                        },
                        "meta": {},
                        "tainted": false
                    },
                    "deposed": [],
                    "provider": ""
                }
            },
            "depends_on": []
        },
        {
            "path": [
                "root",
                "vpc"
            ],
            "outputs": {
                "availability_zones": {
                    "sensitive": false,
                    "type": "list",
                    "value": [
                        "us-west-2a",
                        "us-west-2b",
                        "us-west-2c"
                    ]
                },
                "external_rtb_id": {
                    "sensitive": false,
                    "type": "string",
                    "value": "rtb-432ca325"
                },
                "external_subnets": {
                    "sensitive": false,
                    "type": "list",
                    "value": [
                        "subnet-7ed2f219",
                        "subnet-e7156eae",
                        "subnet-418b441a"
                    ]
                },
                "id": {
                    "sensitive": false,
                    "type": "string",
                    "value": "vpc-dfa6b2b8"
                },
                "internal_rtb_id": {
                    "sensitive": false,
                    "type": "string",
                    "value": "rtb-5729a631,rtb-a12aa5c7,rtb-fe2ba498"
                },
                "internal_subnets": {
                    "sensitive": false,
                    "type": "list",
                    "value": [
                        "subnet-becfefd9",
                        "subnet-a4176ced",
                        "subnet-e271bdb9"
                    ]
                },
                "security_group": {
                    "sensitive": false,
                    "type": "string",
                    "value": "sg-3e743e45"
                }
            },
            "resources": {
                "aws_internet_gateway.main": {
                    "type": "aws_internet_gateway",
                    "depends_on": [
                        "aws_vpc.main"
                    ],
                    "primary": {
                        "id": "igw-8c5698eb",
                        "attributes": {
                            "id": "igw-8c5698eb",
                            "tags.%": "2",
                            "tags.Environment": "development",
                            "tags.Name": "playground",
                            "vpc_id": "vpc-dfa6b2b8"
                        },
                        "meta": {},
                        "tainted": false
                    },
                    "deposed": [],
                    "provider": ""
                },
                "aws_route.external": {
                    "type": "aws_route",
                    "depends_on": [
                        "aws_internet_gateway.main",
                        "aws_route_table.external"
                    ],
                    "primary": {
                        "id": "r-rtb-432ca3251080289494",
                        "attributes": {
                            "destination_cidr_block": "0.0.0.0/0",
                            "destination_prefix_list_id": "",
                            "egress_only_gateway_id": "",
                            "gateway_id": "igw-8c5698eb",
                            "id": "r-rtb-432ca3251080289494",
                            "instance_id": "",
                            "instance_owner_id": "",
                            "nat_gateway_id": "",
                            "network_interface_id": "",
                            "origin": "CreateRoute",
                            "route_table_id": "rtb-432ca325",
                            "state": "active",
                            "vpc_peering_connection_id": ""
                        },
                        "meta": {},
                        "tainted": false
                    },
                    "deposed": [],
                    "provider": ""
                },
                "aws_route_table.external": {
                    "type": "aws_route_table",
                    "depends_on": [
                        "aws_vpc.main"
                    ],
                    "primary": {
                        "id": "rtb-432ca325",
                        "attributes": {
                            "id": "rtb-432ca325",
                            "propagating_vgws.#": "0",
                            "route.#": "0",
                            "tags.%": "3",
                            "tags.Environment": "development",
                            "tags.Group": "route_table",
                            "tags.Name": "playground-external-001",
                            "vpc_id": "vpc-dfa6b2b8"
                        },
                        "meta": {},
                        "tainted": false
                    },
                    "deposed": [],
                    "provider": ""
                },
                "aws_route_table.internal.0": {
                    "type": "aws_route_table",
                    "depends_on": [
                        "aws_vpc.main"
                    ],
                    "primary": {
                        "id": "rtb-5729a631",
                        "attributes": {
                            "id": "rtb-5729a631",
                            "propagating_vgws.#": "0",
                            "route.#": "0",
                            "tags.%": "3",
                            "tags.Environment": "development",
                            "tags.Group": "route_table",
                            "tags.Name": "playground-internal-001",
                            "vpc_id": "vpc-dfa6b2b8"
                        },
                        "meta": {},
                        "tainted": false
                    },
                    "deposed": [],
                    "provider": ""
                },
                "aws_route_table.internal.1": {
                    "type": "aws_route_table",
                    "depends_on": [
                        "aws_vpc.main"
                    ],
                    "primary": {
                        "id": "rtb-a12aa5c7",
                        "attributes": {
                            "id": "rtb-a12aa5c7",
                            "propagating_vgws.#": "0",
                            "route.#": "0",
                            "tags.%": "3",
                            "tags.Environment": "development",
                            "tags.Group": "route_table",
                            "tags.Name": "playground-internal-002",
                            "vpc_id": "vpc-dfa6b2b8"
                        },
                        "meta": {},
                        "tainted": false
                    },
                    "deposed": [],
                    "provider": ""
                },
                "aws_route_table.internal.2": {
                    "type": "aws_route_table",
                    "depends_on": [
                        "aws_vpc.main"
                    ],
                    "primary": {
                        "id": "rtb-fe2ba498",
                        "attributes": {
                            "id": "rtb-fe2ba498",
                            "propagating_vgws.#": "0",
                            "route.#": "0",
                            "tags.%": "3",
                            "tags.Environment": "development",
                            "tags.Group": "route_table",
                            "tags.Name": "playground-internal-003",
                            "vpc_id": "vpc-dfa6b2b8"
                        },
                        "meta": {},
                        "tainted": false
                    },
                    "deposed": [],
                    "provider": ""
                },
                "aws_route_table_association.external.0": {
                    "type": "aws_route_table_association",
                    "depends_on": [
                        "aws_route_table.external",
                        "aws_subnet.external.*"
                    ],
                    "primary": {
                        "id": "rtbassoc-533bb22a",
                        "attributes": {
                            "id": "rtbassoc-533bb22a",
                            "route_table_id": "rtb-432ca325",
                            "subnet_id": "subnet-7ed2f219"
                        },
                        "meta": {},
                        "tainted": false
                    },
                    "deposed": [],
                    "provider": ""
                },
                "aws_route_table_association.external.1": {
                    "type": "aws_route_table_association",
                    "depends_on": [
                        "aws_route_table.external",
                        "aws_subnet.external.*"
                    ],
                    "primary": {
                        "id": "rtbassoc-7c27ae05",
                        "attributes": {
                            "id": "rtbassoc-7c27ae05",
                            "route_table_id": "rtb-432ca325",
                            "subnet_id": "subnet-e7156eae"
                        },
                        "meta": {},
                        "tainted": false
                    },
                    "deposed": [],
                    "provider": ""
                },
                "aws_route_table_association.external.2": {
                    "type": "aws_route_table_association",
                    "depends_on": [
                        "aws_route_table.external",
                        "aws_subnet.external.*"
                    ],
                    "primary": {
                        "id": "rtbassoc-b327aeca",
                        "attributes": {
                            "id": "rtbassoc-b327aeca",
                            "route_table_id": "rtb-432ca325",
                            "subnet_id": "subnet-418b441a"
                        },
                        "meta": {},
                        "tainted": false
                    },
                    "deposed": [],
                    "provider": ""
                },
                "aws_route_table_association.internal.0": {
                    "type": "aws_route_table_association",
                    "depends_on": [
                        "aws_route_table.internal.*",
                        "aws_subnet.internal.*"
                    ],
                    "primary": {
                        "id": "rtbassoc-6338b11a",
                        "attributes": {
                            "id": "rtbassoc-6338b11a",
                            "route_table_id": "rtb-5729a631",
                            "subnet_id": "subnet-becfefd9"
                        },
                        "meta": {},
                        "tainted": false
                    },
                    "deposed": [],
                    "provider": ""
                },
                "aws_route_table_association.internal.1": {
                    "type": "aws_route_table_association",
                    "depends_on": [
                        "aws_route_table.internal.*",
                        "aws_subnet.internal.*"
                    ],
                    "primary": {
                        "id": "rtbassoc-8026aff9",
                        "attributes": {
                            "id": "rtbassoc-8026aff9",
                            "route_table_id": "rtb-a12aa5c7",
                            "subnet_id": "subnet-a4176ced"
                        },
                        "meta": {},
                        "tainted": false
                    },
                    "deposed": [],
                    "provider": ""
                },
                "aws_route_table_association.internal.2": {
                    "type": "aws_route_table_association",
                    "depends_on": [
                        "aws_route_table.internal.*",
                        "aws_subnet.internal.*"
                    ],
                    "primary": {
                        "id": "rtbassoc-1738b16e",
                        "attributes": {
                            "id": "rtbassoc-1738b16e",
                            "route_table_id": "rtb-fe2ba498",
                            "subnet_id": "subnet-e271bdb9"
                        },
                        "meta": {},
                        "tainted": false
                    },
                    "deposed": [],
                    "provider": ""
                },
                "aws_subnet.external.0": {
                    "type": "aws_subnet",
                    "depends_on": [
                        "aws_vpc.main"
                    ],
                    "primary": {
                        "id": "subnet-7ed2f219",
                        "attributes": {
                            "assign_ipv6_address_on_creation": "false",
                            "availability_zone": "us-west-2a",
                            "cidr_block": "10.0.32.0/24",
                            "id": "subnet-7ed2f219",
                            "map_public_ip_on_launch": "true",
                            "tags.%": "3",
                            "tags.Environment": "development",
                            "tags.Group": "subnet",
                            "tags.Name": "playground-external-001",
                            "vpc_id": "vpc-dfa6b2b8"
                        },
                        "meta": {
                            "schema_version": "1"
                        },
                        "tainted": false
                    },
                    "deposed": [],
                    "provider": ""
                },
                "aws_subnet.external.1": {
                    "type": "aws_subnet",
                    "depends_on": [
                        "aws_vpc.main"
                    ],
                    "primary": {
                        "id": "subnet-e7156eae",
                        "attributes": {
                            "assign_ipv6_address_on_creation": "false",
                            "availability_zone": "us-west-2b",
                            "cidr_block": "10.0.96.0/24",
                            "id": "subnet-e7156eae",
                            "map_public_ip_on_launch": "true",
                            "tags.%": "3",
                            "tags.Environment": "development",
                            "tags.Group": "subnet",
                            "tags.Name": "playground-external-002",
                            "vpc_id": "vpc-dfa6b2b8"
                        },
                        "meta": {
                            "schema_version": "1"
                        },
                        "tainted": false
                    },
                    "deposed": [],
                    "provider": ""
                },
                "aws_subnet.external.2": {
                    "type": "aws_subnet",
                    "depends_on": [
                        "aws_vpc.main"
                    ],
                    "primary": {
                        "id": "subnet-418b441a",
                        "attributes": {
                            "assign_ipv6_address_on_creation": "false",
                            "availability_zone": "us-west-2c",
                            "cidr_block": "10.0.160.0/24",
                            "id": "subnet-418b441a",
                            "map_public_ip_on_launch": "true",
                            "tags.%": "3",
                            "tags.Environment": "development",
                            "tags.Group": "subnet",
                            "tags.Name": "playground-external-003",
                            "vpc_id": "vpc-dfa6b2b8"
                        },
                        "meta": {
                            "schema_version": "1"
                        },
                        "tainted": false
                    },
                    "deposed": [],
                    "provider": ""
                },
                "aws_subnet.internal.0": {
                    "type": "aws_subnet",
                    "depends_on": [
                        "aws_vpc.main"
                    ],
                    "primary": {
                        "id": "subnet-becfefd9",
                        "attributes": {
                            "assign_ipv6_address_on_creation": "false",
                            "availability_zone": "us-west-2a",
                            "cidr_block": "10.0.1.0/24",
                            "id": "subnet-becfefd9",
                            "map_public_ip_on_launch": "false",
                            "tags.%": "3",
                            "tags.Environment": "development",
                            "tags.Group": "subnet",
                            "tags.Name": "playground-internal-001",
                            "vpc_id": "vpc-dfa6b2b8"
                        },
                        "meta": {
                            "schema_version": "1"
                        },
                        "tainted": false
                    },
                    "deposed": [],
                    "provider": ""
                },
                "aws_subnet.internal.1": {
                    "type": "aws_subnet",
                    "depends_on": [
                        "aws_vpc.main"
                    ],
                    "primary": {
                        "id": "subnet-a4176ced",
                        "attributes": {
                            "assign_ipv6_address_on_creation": "false",
                            "availability_zone": "us-west-2b",
                            "cidr_block": "10.0.64.0/24",
                            "id": "subnet-a4176ced",
                            "map_public_ip_on_launch": "false",
                            "tags.%": "3",
                            "tags.Environment": "development",
                            "tags.Group": "subnet",
                            "tags.Name": "playground-internal-002",
                            "vpc_id": "vpc-dfa6b2b8"
                        },
                        "meta": {
                            "schema_version": "1"
                        },
                        "tainted": false
                    },
                    "deposed": [],
                    "provider": ""
                },
                "aws_subnet.internal.2": {
                    "type": "aws_subnet",
                    "depends_on": [
                        "aws_vpc.main"
                    ],
                    "primary": {
                        "id": "subnet-e271bdb9",
                        "attributes": {
                            "assign_ipv6_address_on_creation": "false",
                            "availability_zone": "us-west-2c",
                            "cidr_block": "10.0.128.0/24",
                            "id": "subnet-e271bdb9",
                            "map_public_ip_on_launch": "false",
                            "tags.%": "3",
                            "tags.Environment": "development",
                            "tags.Group": "subnet",
                            "tags.Name": "playground-internal-003",
                            "vpc_id": "vpc-dfa6b2b8"
                        },
                        "meta": {
                            "schema_version": "1"
                        },
                        "tainted": false
                    },
                    "deposed": [],
                    "provider": ""
                },
                "aws_vpc.main": {
                    "type": "aws_vpc",
                    "depends_on": [],
                    "primary": {
                        "id": "vpc-dfa6b2b8",
                        "attributes": {
                            "assign_generated_ipv6_cidr_block": "false",
                            "cidr_block": "10.0.0.0/16",
                            "default_network_acl_id": "acl-f506d293",
                            "default_route_table_id": "rtb-192ca37f",
                            "default_security_group_id": "sg-3e743e45",
                            "dhcp_options_id": "dopt-bc4e38db",
                            "enable_classiclink": "false",
                            "enable_dns_hostnames": "true",
                            "enable_dns_support": "true",
                            "id": "vpc-dfa6b2b8",
                            "instance_tenancy": "default",
                            "main_route_table_id": "rtb-192ca37f",
                            "tags.%": "3",
                            "tags.Environment": "development",
                            "tags.Group": "vpc",
                            "tags.Name": "playground"
                        },
                        "meta": {
                            "schema_version": "1"
                        },
                        "tainted": false
                    },
                    "deposed": [],
                    "provider": ""
                }
            },
            "depends_on": []
        }
    ]
}
